<?xml version="1.0" encoding="UTF-8" standalone="yes" ?>
<CodeBlocks_project_file>
	<FileVersion major="1" minor="6" />
	<Project>
		<Option title="PlaneSweepParallel" />
		<Option pch_mode="2" />
		<Option compiler="gcc" />
		<Build>
			<Target title="Debug">
				<Option output="bin/Debug/PlaneSweepParallel" prefix_auto="1" extension_auto="1" />
				<Option object_output="obj/Debug/" />
				<Option type="1" />
				<Option compiler="gcc" />
				<Option parameters="10 E:\Files\eap\de\start\data\small-real-data\NArdpointNNew.txt  E:\Files\eap\de\start\data\small-real-data\NArrpointNNew.txt" />
				<Compiler>
					<Add option="-g" />
					<Add directory="include" />
				</Compiler>
			</Target>
			<Target title="Release">
				<Option output="bin/Release/PlaneSweepParallel" prefix_auto="1" extension_auto="1" />
				<Option object_output="obj/Release/" />
				<Option type="1" />
				<Option compiler="gcc" />
				<Option parameters="10 E:\Files\eap\de\start\data\small-real-data\NArdpointNNew.txt E:\Files\eap\de\start\data\small-real-data\NArrpointNNew.txt" />
				<Compiler>
					<Add option="-O2" />
					<Add directory="include" />
				</Compiler>
				<Linker>
					<Add option="-s" />
				</Linker>
			</Target>
		</Build>
		<Compiler>
			<Add option="-Wall" />
			<Add option="-fexceptions" />
		</Compiler>
		<Unit filename="include/AbstractAllKnnAlgorithm.h" />
		<Unit filename="include/AllKnnProblem.h" />
		<Unit filename="include/AllKnnResult.h" />
		<Unit filename="include/ApplicationException.h" />
		<Unit filename="include/BruteForceAlgorithm.h" />
		<Unit filename="include/ParallelPlaneSweepAlgorithm.h" />
		<Unit filename="include/PlaneSweepParallel.h" />
		<Unit filename="src/PlaneSweepParallel.cpp" />
		<Extensions>
			<code_completion />
			<envvars />
			<debugger />
			<lib_finder disable_auto="1" />
		</Extensions>
	</Project>
</CodeBlocks_project_file>
