<?xml version="1.0" encoding="UTF-8" standalone="yes" ?>
<CodeBlocks_project_file>
	<FileVersion major="1" minor="6" />
	<Project>
		<Option title="PlaneSweepParallel" />
		<Option pch_mode="2" />
		<Option compiler="gcc" />
		<Build>
			<Target title="Debug">
				<Option output="bin/Debug/PlaneSweepParallel" prefix_auto="1" extension_auto="1" />
				<Option object_output="obj/Debug/" />
				<Option type="1" />
				<Option compiler="gcc" />
				<Option parameters="10 E:\Files\eap\de\start\data\large\testdata.bin  E:\Files\eap\de\start\data\large\testdata.bin 0 1.0E-15 200 0 0 00000010100101" />
				<Compiler>
					<Add option="-std=c++14" />
					<Add option="-g" />
					<Add option="-fopenmp" />
					<Add directory="include" />
				</Compiler>
				<Linker>
					<Add option="-fopenmp -ltbb" />
				</Linker>
			</Target>
			<Target title="Release">
				<Option output="bin/Release/PlaneSweepParallel" prefix_auto="1" extension_auto="1" />
				<Option object_output="obj/Release/" />
				<Option type="1" />
				<Option compiler="gcc" />
				<Option parameters="10 E:\Files\eap\de\start\data\small-real-data\NArrpointNNew.txt E:\Files\eap\de\start\data\small-real-data\NArdpointNNew.txt" />
				<Compiler>
					<Add option="-O3" />
					<Add option="-std=c++11" />
					<Add option="-fopenmp -march=native" />
					<Add directory="include" />
				</Compiler>
				<Linker>
					<Add option="-O3" />
					<Add option="-s" />
					<Add option="-fopenmp -ltbb" />
				</Linker>
			</Target>
			<Target title="ReleaseProfile">
				<Option output="bin/ReleaseProfile/PlaneSweepParallel" prefix_auto="1" extension_auto="1" />
				<Option object_output="obj/ReleaseProfile/" />
				<Option type="1" />
				<Option compiler="gcc" />
				<Option parameters="10 E:\Files\eap\de\start\data\small-real-data\NArrpointNNew.txt E:\Files\eap\de\start\data\small-real-data\NArdpointNNew.txt" />
				<Compiler>
					<Add option="-O3" />
					<Add option="-std=c++11" />
					<Add option="-g" />
					<Add option="-fopenmp -gdwarf-3 -D TBB_USE_THREADING_TOOLS -march=native" />
					<Add directory="include" />
				</Compiler>
				<Linker>
					<Add option="-O3" />
					<Add option="-fopenmp -ltbb" />
				</Linker>
			</Target>
		</Build>
		<Compiler>
			<Add option="-Wall" />
			<Add option="-fexceptions" />
		</Compiler>
		<Unit filename="include/AbstractAllKnnAlgorithm.h" />
		<Unit filename="include/AllKnnProblem.h" />
		<Unit filename="include/AllKnnResult.h" />
		<Unit filename="include/AllKnnResultSorted.h" />
		<Unit filename="include/AllKnnResultStripes.h" />
		<Unit filename="include/ApplicationException.h" />
		<Unit filename="include/BruteForceAlgorithm.h" />
		<Unit filename="include/BruteForceParallelAlgorithm.h" />
		<Unit filename="include/BruteForceParallelTBBAlgorithm.h" />
		<Unit filename="include/DatasetStream.h" />
		<Unit filename="include/PlaneSweepAlgorithm.h" />
		<Unit filename="include/PlaneSweepCopyAlgorithm.h" />
		<Unit filename="include/PlaneSweepCopyParallelAlgorithm.h" />
		<Unit filename="include/PlaneSweepCopyParallelTBBAlgorithm.h" />
		<Unit filename="include/PlaneSweepParallel.h" />
		<Unit filename="include/PlaneSweepStripesAlgorithm.h" />
		<Unit filename="include/PlaneSweepStripesParallelAlgorithm.h" />
		<Unit filename="include/PlaneSweepStripesParallelTBBAlgorithm.h" />
		<Unit filename="include/PointNeighbors.h" />
		<Unit filename="src/PlaneSweepParallel.cpp" />
		<Extensions>
			<code_completion />
			<envvars />
			<debugger />
			<lib_finder disable_auto="1" />
		</Extensions>
	</Project>
</CodeBlocks_project_file>
